
Microsoft Visual Studio Solution File, Format Version 12.00
# Visual Studio Version 16
VisualStudioVersion = 16.0.31321.278
MinimumVisualStudioVersion = 10.0.40219.1
Project("{FAE04EC0-301F-11D3-BF4B-00C04F79EFBC}") = "Prova.Core", "Prova.Core\Prova.Core.csproj", "{B197F473-6A9A-46E0-8A96-603E61DC9A31}"
EndProject
Project("{FAE04EC0-301F-11D3-BF4B-00C04F79EFBC}") = "Prova.Core.EF", "Prova.Core.EF\Prova.Core.EF.csproj", "{891CF2F5-93C8-4695-AD52-3FE7179FD85A}"
EndProject
Project("{FAE04EC0-301F-11D3-BF4B-00C04F79EFBC}") = "Prova.WCF.Library", "Prova.WCF.Library\Prova.WCF.Library.csproj", "{41274E4A-2B94-44BD-AC01-3C5F218BE156}"
EndProject
Project("{FAE04EC0-301F-11D3-BF4B-00C04F79EFBC}") = "Prova.API", "Prova.API\Prova.API.csproj", "{07596E2A-6274-4325-9BF3-21523F79ABE0}"
EndProject
Project("{FAE04EC0-301F-11D3-BF4B-00C04F79EFBC}") = "Prova.WCF.Client", "Prova.WCF.Client\Prova.WCF.Client.csproj", "{9E682C61-6C00-45D2-ADB4-E95597CCC19B}"
EndProject
Global
	GlobalSection(SolutionConfigurationPlatforms) = preSolution
		Debug|Any CPU = Debug|Any CPU
		Release|Any CPU = Release|Any CPU
	EndGlobalSection
	GlobalSection(ProjectConfigurationPlatforms) = postSolution
		{B197F473-6A9A-46E0-8A96-603E61DC9A31}.Debug|Any CPU.ActiveCfg = Debug|Any CPU
		{B197F473-6A9A-46E0-8A96-603E61DC9A31}.Debug|Any CPU.Build.0 = Debug|Any CPU
		{B197F473-6A9A-46E0-8A96-603E61DC9A31}.Release|Any CPU.ActiveCfg = Release|Any CPU
		{B197F473-6A9A-46E0-8A96-603E61DC9A31}.Release|Any CPU.Build.0 = Release|Any CPU
		{891CF2F5-93C8-4695-AD52-3FE7179FD85A}.Debug|Any CPU.ActiveCfg = Debug|Any CPU
		{891CF2F5-93C8-4695-AD52-3FE7179FD85A}.Debug|Any CPU.Build.0 = Debug|Any CPU
		{891CF2F5-93C8-4695-AD52-3FE7179FD85A}.Release|Any CPU.ActiveCfg = Release|Any CPU
		{891CF2F5-93C8-4695-AD52-3FE7179FD85A}.Release|Any CPU.Build.0 = Release|Any CPU
		{41274E4A-2B94-44BD-AC01-3C5F218BE156}.Debug|Any CPU.ActiveCfg = Debug|Any CPU
		{41274E4A-2B94-44BD-AC01-3C5F218BE156}.Debug|Any CPU.Build.0 = Debug|Any CPU
		{41274E4A-2B94-44BD-AC01-3C5F218BE156}.Release|Any CPU.ActiveCfg = Release|Any CPU
		{41274E4A-2B94-44BD-AC01-3C5F218BE156}.Release|Any CPU.Build.0 = Release|Any CPU
		{07596E2A-6274-4325-9BF3-21523F79ABE0}.Debug|Any CPU.ActiveCfg = Debug|Any CPU
		{07596E2A-6274-4325-9BF3-21523F79ABE0}.Debug|Any CPU.Build.0 = Debug|Any CPU
		{07596E2A-6274-4325-9BF3-21523F79ABE0}.Release|Any CPU.ActiveCfg = Release|Any CPU
		{07596E2A-6274-4325-9BF3-21523F79ABE0}.Release|Any CPU.Build.0 = Release|Any CPU
		{9E682C61-6C00-45D2-ADB4-E95597CCC19B}.Debug|Any CPU.ActiveCfg = Debug|Any CPU
		{9E682C61-6C00-45D2-ADB4-E95597CCC19B}.Debug|Any CPU.Build.0 = Debug|Any CPU
		{9E682C61-6C00-45D2-ADB4-E95597CCC19B}.Release|Any CPU.ActiveCfg = Release|Any CPU
		{9E682C61-6C00-45D2-ADB4-E95597CCC19B}.Release|Any CPU.Build.0 = Release|Any CPU
	EndGlobalSection
	GlobalSection(SolutionProperties) = preSolution
		HideSolutionNode = FALSE
	EndGlobalSection
	GlobalSection(ExtensibilityGlobals) = postSolution
		SolutionGuid = {7344096B-B2F4-447E-BEC5-1EE20D0F2D65}
	EndGlobalSection
EndGlobal
